
Microsoft Visual Studio Solution File, Format Version 12.00
Project("{FAE04EC0-301F-11D3-BF4B-00C04F79EFBC}") = "Observer", "Observer\Observer.csproj", "{DD17B8B4-366F-45CE-8458-FC0D0E84D8F7}"
EndProject
Project("{2150E333-8FDC-42A3-9474-1A3956D46DE8}") = "Behavioral", "Behavioral", "{A7CCEDA5-AF0D-477B-BC56-8ACA99A7962A}"
EndProject
Project("{2150E333-8FDC-42A3-9474-1A3956D46DE8}") = "Structural", "Structural", "{4B1E1FF5-F8AC-4D57-B362-EC22C7DD60D3}"
EndProject
Project("{FAE04EC0-301F-11D3-BF4B-00C04F79EFBC}") = "Adapter", "Adapter\Adapter.csproj", "{DDE9F04C-74EF-4EE0-9693-309377C5D6FA}"
EndProject
Project("{FAE04EC0-301F-11D3-BF4B-00C04F79EFBC}") = "Facade", "Facade\Facade.csproj", "{2BA35019-D344-4D20-81D7-2182B6BE1380}"
EndProject
Project("{FAE04EC0-301F-11D3-BF4B-00C04F79EFBC}") = "Proxy", "Proxy\Proxy.csproj", "{9E8148E7-F46B-4374-A106-C79A32730DBE}"
EndProject
Project("{FAE04EC0-301F-11D3-BF4B-00C04F79EFBC}") = "Strategy", "Strategy\Strategy.csproj", "{6B218EA5-A294-4725-A19E-FAEB0F9C4649}"
EndProject
Project("{FAE04EC0-301F-11D3-BF4B-00C04F79EFBC}") = "Visitor", "Visitor\Visitor.csproj", "{85D99FE6-B0AB-4406-BCB8-96B360E8B7AB}"
EndProject
Project("{FAE04EC0-301F-11D3-BF4B-00C04F79EFBC}") = "Bridge", "Bridge\Bridge.csproj", "{215BD18C-A085-4B49-8B01-5B4BD3534615}"
EndProject
Project("{FAE04EC0-301F-11D3-BF4B-00C04F79EFBC}") = "State", "State\State.csproj", "{3DD2FF6D-3C5A-4201-9CF6-53B2016B6180}"
EndProject
Project("{FAE04EC0-301F-11D3-BF4B-00C04F79EFBC}") = "Flyweight", "Flyweight\Flyweight.csproj", "{7DECA831-D498-40BF-A23D-5E406EB3ADF0}"
EndProject
Project("{FAE04EC0-301F-11D3-BF4B-00C04F79EFBC}") = "Memento", "Memento\Memento.csproj", "{6777EAEB-E6FD-45BD-92B5-CD24E88C58BF}"
EndProject
Project("{FAE04EC0-301F-11D3-BF4B-00C04F79EFBC}") = "Command", "Command\Command.csproj", "{E950635B-E7AE-4A51-9B46-F0A923BD637F}"
EndProject
Project("{FAE04EC0-301F-11D3-BF4B-00C04F79EFBC}") = "Decorator", "Decorator\Decorator.csproj", "{F24E70F2-3743-4F04-8863-DA4578530C88}"
EndProject
Project("{FAE04EC0-301F-11D3-BF4B-00C04F79EFBC}") = "ChainOfResponsibility", "ChainOfResponsibility\ChainOfResponsibility.csproj", "{DDE3534B-0F97-42C7-96CC-3FAF0EE1414E}"
EndProject
Global
	GlobalSection(SolutionConfigurationPlatforms) = preSolution
		Debug|Any CPU = Debug|Any CPU
		Release|Any CPU = Release|Any CPU
	EndGlobalSection
	GlobalSection(ProjectConfigurationPlatforms) = postSolution
		{DD17B8B4-366F-45CE-8458-FC0D0E84D8F7}.Debug|Any CPU.ActiveCfg = Debug|Any CPU
		{DD17B8B4-366F-45CE-8458-FC0D0E84D8F7}.Debug|Any CPU.Build.0 = Debug|Any CPU
		{DD17B8B4-366F-45CE-8458-FC0D0E84D8F7}.Release|Any CPU.ActiveCfg = Release|Any CPU
		{DD17B8B4-366F-45CE-8458-FC0D0E84D8F7}.Release|Any CPU.Build.0 = Release|Any CPU
		{DDE9F04C-74EF-4EE0-9693-309377C5D6FA}.Debug|Any CPU.ActiveCfg = Debug|Any CPU
		{DDE9F04C-74EF-4EE0-9693-309377C5D6FA}.Debug|Any CPU.Build.0 = Debug|Any CPU
		{DDE9F04C-74EF-4EE0-9693-309377C5D6FA}.Release|Any CPU.ActiveCfg = Release|Any CPU
		{DDE9F04C-74EF-4EE0-9693-309377C5D6FA}.Release|Any CPU.Build.0 = Release|Any CPU
		{2BA35019-D344-4D20-81D7-2182B6BE1380}.Debug|Any CPU.ActiveCfg = Debug|Any CPU
		{2BA35019-D344-4D20-81D7-2182B6BE1380}.Debug|Any CPU.Build.0 = Debug|Any CPU
		{2BA35019-D344-4D20-81D7-2182B6BE1380}.Release|Any CPU.ActiveCfg = Release|Any CPU
		{2BA35019-D344-4D20-81D7-2182B6BE1380}.Release|Any CPU.Build.0 = Release|Any CPU
		{9E8148E7-F46B-4374-A106-C79A32730DBE}.Debug|Any CPU.ActiveCfg = Debug|Any CPU
		{9E8148E7-F46B-4374-A106-C79A32730DBE}.Debug|Any CPU.Build.0 = Debug|Any CPU
		{9E8148E7-F46B-4374-A106-C79A32730DBE}.Release|Any CPU.ActiveCfg = Release|Any CPU
		{9E8148E7-F46B-4374-A106-C79A32730DBE}.Release|Any CPU.Build.0 = Release|Any CPU
		{6B218EA5-A294-4725-A19E-FAEB0F9C4649}.Debug|Any CPU.ActiveCfg = Debug|Any CPU
		{6B218EA5-A294-4725-A19E-FAEB0F9C4649}.Debug|Any CPU.Build.0 = Debug|Any CPU
		{6B218EA5-A294-4725-A19E-FAEB0F9C4649}.Release|Any CPU.ActiveCfg = Release|Any CPU
		{6B218EA5-A294-4725-A19E-FAEB0F9C4649}.Release|Any CPU.Build.0 = Release|Any CPU
		{85D99FE6-B0AB-4406-BCB8-96B360E8B7AB}.Debug|Any CPU.ActiveCfg = Debug|Any CPU
		{85D99FE6-B0AB-4406-BCB8-96B360E8B7AB}.Debug|Any CPU.Build.0 = Debug|Any CPU
		{85D99FE6-B0AB-4406-BCB8-96B360E8B7AB}.Release|Any CPU.ActiveCfg = Release|Any CPU
		{85D99FE6-B0AB-4406-BCB8-96B360E8B7AB}.Release|Any CPU.Build.0 = Release|Any CPU
		{215BD18C-A085-4B49-8B01-5B4BD3534615}.Debug|Any CPU.ActiveCfg = Debug|Any CPU
		{215BD18C-A085-4B49-8B01-5B4BD3534615}.Debug|Any CPU.Build.0 = Debug|Any CPU
		{215BD18C-A085-4B49-8B01-5B4BD3534615}.Release|Any CPU.ActiveCfg = Release|Any CPU
		{215BD18C-A085-4B49-8B01-5B4BD3534615}.Release|Any CPU.Build.0 = Release|Any CPU
		{3DD2FF6D-3C5A-4201-9CF6-53B2016B6180}.Debug|Any CPU.ActiveCfg = Debug|Any CPU
		{3DD2FF6D-3C5A-4201-9CF6-53B2016B6180}.Debug|Any CPU.Build.0 = Debug|Any CPU
		{3DD2FF6D-3C5A-4201-9CF6-53B2016B6180}.Release|Any CPU.ActiveCfg = Release|Any CPU
		{3DD2FF6D-3C5A-4201-9CF6-53B2016B6180}.Release|Any CPU.Build.0 = Release|Any CPU
		{7DECA831-D498-40BF-A23D-5E406EB3ADF0}.Debug|Any CPU.ActiveCfg = Debug|Any CPU
		{7DECA831-D498-40BF-A23D-5E406EB3ADF0}.Debug|Any CPU.Build.0 = Debug|Any CPU
		{7DECA831-D498-40BF-A23D-5E406EB3ADF0}.Release|Any CPU.ActiveCfg = Release|Any CPU
		{7DECA831-D498-40BF-A23D-5E406EB3ADF0}.Release|Any CPU.Build.0 = Release|Any CPU
		{6777EAEB-E6FD-45BD-92B5-CD24E88C58BF}.Debug|Any CPU.ActiveCfg = Debug|Any CPU
		{6777EAEB-E6FD-45BD-92B5-CD24E88C58BF}.Debug|Any CPU.Build.0 = Debug|Any CPU
		{6777EAEB-E6FD-45BD-92B5-CD24E88C58BF}.Release|Any CPU.ActiveCfg = Release|Any CPU
		{6777EAEB-E6FD-45BD-92B5-CD24E88C58BF}.Release|Any CPU.Build.0 = Release|Any CPU
		{E950635B-E7AE-4A51-9B46-F0A923BD637F}.Debug|Any CPU.ActiveCfg = Debug|Any CPU
		{E950635B-E7AE-4A51-9B46-F0A923BD637F}.Debug|Any CPU.Build.0 = Debug|Any CPU
		{E950635B-E7AE-4A51-9B46-F0A923BD637F}.Release|Any CPU.ActiveCfg = Release|Any CPU
		{E950635B-E7AE-4A51-9B46-F0A923BD637F}.Release|Any CPU.Build.0 = Release|Any CPU
		{F24E70F2-3743-4F04-8863-DA4578530C88}.Debug|Any CPU.ActiveCfg = Debug|Any CPU
		{F24E70F2-3743-4F04-8863-DA4578530C88}.Debug|Any CPU.Build.0 = Debug|Any CPU
		{F24E70F2-3743-4F04-8863-DA4578530C88}.Release|Any CPU.ActiveCfg = Release|Any CPU
		{F24E70F2-3743-4F04-8863-DA4578530C88}.Release|Any CPU.Build.0 = Release|Any CPU
		{DDE3534B-0F97-42C7-96CC-3FAF0EE1414E}.Debug|Any CPU.ActiveCfg = Debug|Any CPU
		{DDE3534B-0F97-42C7-96CC-3FAF0EE1414E}.Debug|Any CPU.Build.0 = Debug|Any CPU
		{DDE3534B-0F97-42C7-96CC-3FAF0EE1414E}.Release|Any CPU.ActiveCfg = Release|Any CPU
		{DDE3534B-0F97-42C7-96CC-3FAF0EE1414E}.Release|Any CPU.Build.0 = Release|Any CPU
	EndGlobalSection
	GlobalSection(NestedProjects) = preSolution
		{DD17B8B4-366F-45CE-8458-FC0D0E84D8F7} = {A7CCEDA5-AF0D-477B-BC56-8ACA99A7962A}
		{DDE9F04C-74EF-4EE0-9693-309377C5D6FA} = {4B1E1FF5-F8AC-4D57-B362-EC22C7DD60D3}
		{2BA35019-D344-4D20-81D7-2182B6BE1380} = {4B1E1FF5-F8AC-4D57-B362-EC22C7DD60D3}
		{9E8148E7-F46B-4374-A106-C79A32730DBE} = {4B1E1FF5-F8AC-4D57-B362-EC22C7DD60D3}
		{6B218EA5-A294-4725-A19E-FAEB0F9C4649} = {A7CCEDA5-AF0D-477B-BC56-8ACA99A7962A}
		{85D99FE6-B0AB-4406-BCB8-96B360E8B7AB} = {A7CCEDA5-AF0D-477B-BC56-8ACA99A7962A}
		{215BD18C-A085-4B49-8B01-5B4BD3534615} = {4B1E1FF5-F8AC-4D57-B362-EC22C7DD60D3}
		{3DD2FF6D-3C5A-4201-9CF6-53B2016B6180} = {A7CCEDA5-AF0D-477B-BC56-8ACA99A7962A}
		{7DECA831-D498-40BF-A23D-5E406EB3ADF0} = {4B1E1FF5-F8AC-4D57-B362-EC22C7DD60D3}
		{6777EAEB-E6FD-45BD-92B5-CD24E88C58BF} = {A7CCEDA5-AF0D-477B-BC56-8ACA99A7962A}
		{E950635B-E7AE-4A51-9B46-F0A923BD637F} = {A7CCEDA5-AF0D-477B-BC56-8ACA99A7962A}
		{F24E70F2-3743-4F04-8863-DA4578530C88} = {4B1E1FF5-F8AC-4D57-B362-EC22C7DD60D3}
		{DDE3534B-0F97-42C7-96CC-3FAF0EE1414E} = {A7CCEDA5-AF0D-477B-BC56-8ACA99A7962A}
	EndGlobalSection
EndGlobal
